{
    "version": 3,
    "terraform_version": "0.11.3",
    "serial": 61,
    "lineage": "4405e865-ed8a-427e-9028-490980bdbf57",
    "modules": [
        {
            "path": [
                "root"
            ],
            "outputs": {
                "aws_vpn_instance_public_dns": {
                    "sensitive": false,
                    "type": "string",
                    "value": "ec2-13-57-187-103.us-west-1.compute.amazonaws.com"
                },
                "aws_vpn_instance_public_ip": {
                    "sensitive": false,
                    "type": "string",
                    "value": "13.57.187.103"
                },
                "client_configuration_file": {
                    "sensitive": false,
                    "type": "string",
                    "value": "docker.ovpn"
                },
                "closing_message": {
                    "sensitive": false,
                    "type": "string",
                    "value": "Your VPN is ready! Check out client configuration file to configure your client! Have fun!'"
                },
                "elb_hostname": {
                    "sensitive": false,
                    "type": "string",
                    "value": "dev-web-lb-163033253.us-west-1.elb.amazonaws.com"
                }
            },
            "resources": {
                "aws_key_pair.key": {
                    "type": "aws_key_pair",
                    "depends_on": [],
                    "primary": {
                        "id": "dev",
                        "attributes": {
                            "fingerprint": "d5:97:9e:65:14:3e:94:24:24:0b:83:69:e6:ee:4d:6e",
                            "id": "dev",
                            "key_name": "dev",
                            "public_key": "ssh-rsa AAAAB3NzaC1yc2EAAAADAQABAAABAQDCNGwnBrBIa8wFOL+BgdIOexLBCVvJ7vkzqUAZ9CR9hDXb4V1x7sNfSE/peX2pmSmF29Esv4p+rmME/NK+akh0VCFLur8RkR/ABxXIzrjAWxOjGTFYldEh9DcGJOJOKdNEY2IC25fGMqYux00Ze3cGExzGBZmFOQ7Vc7YvE/0O0s+lDbhI5cHGtMt243A1+xzQnaR+8aL1mVR0YKcRwV96+04/6JT43biSEpCqJg1yjlN4EPH5i9wskQsSgEWpkBw2ZDnEPsmDoXj5958YCTYYeP0n80lLDgff7yqwDV9kBnwODL0fL7ujH01eb/cmHy8eFvLU82Z1EFS9s5Z7+Q0N dev_key"
                        },
                        "meta": {
                            "schema_version": "1"
                        },
                        "tainted": false
                    },
                    "deposed": [],
                    "provider": "provider.aws"
                }
            },
            "depends_on": []
        },
        {
            "path": [
                "root",
                "bastion"
            ],
            "outputs": {
                "bastion_ip": {
                    "sensitive": false,
                    "type": "string",
                    "value": "10.0.1.197"
                }
            },
            "resources": {
                "aws_instance.bastion": {
                    "type": "aws_instance",
                    "depends_on": [
                        "aws_security_group.bastion_sg"
                    ],
                    "primary": {
                        "id": "i-07006e29f636b2ded",
                        "attributes": {
                            "ami": "ami-16efb076",
                            "associate_public_ip_address": "true",
                            "availability_zone": "us-west-1a",
                            "disable_api_termination": "false",
                            "ebs_block_device.#": "0",
                            "ebs_optimized": "false",
                            "ephemeral_block_device.#": "0",
                            "iam_instance_profile": "",
                            "id": "i-07006e29f636b2ded",
                            "instance_state": "running",
                            "instance_type": "t2.micro",
                            "ipv6_addresses.#": "0",
                            "key_name": "dev",
                            "monitoring": "true",
                            "network_interface.#": "0",
                            "network_interface_id": "eni-06ed4104a5f77197a",
                            "placement_group": "",
                            "primary_network_interface_id": "eni-06ed4104a5f77197a",
                            "private_dns": "ip-10-0-1-197.us-west-1.compute.internal",
                            "private_ip": "10.0.1.197",
                            "public_dns": "ec2-13-57-200-52.us-west-1.compute.amazonaws.com",
                            "public_ip": "13.57.200.52",
                            "root_block_device.#": "1",
                            "root_block_device.0.delete_on_termination": "true",
                            "root_block_device.0.iops": "100",
                            "root_block_device.0.volume_id": "vol-0ea9392e5caeecad4",
                            "root_block_device.0.volume_size": "8",
                            "root_block_device.0.volume_type": "gp2",
                            "security_groups.#": "0",
                            "source_dest_check": "true",
                            "subnet_id": "subnet-05433ae9369e78315",
                            "tags.%": "2",
                            "tags.Environment": "dev",
                            "tags.Name": "dev-bastion",
                            "tenancy": "default",
                            "volume_tags.%": "0",
                            "vpc_security_group_ids.#": "1",
                            "vpc_security_group_ids.3716474978": "sg-0647950d99cf7dd66"
                        },
                        "meta": {
                            "e2bfb730-ecaa-11e6-8f88-34363bc7c4c0": {
                                "create": 600000000000,
                                "delete": 1200000000000,
                                "update": 600000000000
                            },
                            "schema_version": "1"
                        },
                        "tainted": false
                    },
                    "deposed": [],
                    "provider": "provider.aws"
                },
                "aws_security_group.bastion_sg": {
                    "type": "aws_security_group",
                    "depends_on": [],
                    "primary": {
                        "id": "sg-0647950d99cf7dd66",
                        "attributes": {
                            "description": "Allow SSH to bastion host",
                            "egress.#": "1",
                            "egress.482069346.cidr_blocks.#": "1",
                            "egress.482069346.cidr_blocks.0": "0.0.0.0/0",
                            "egress.482069346.description": "",
                            "egress.482069346.from_port": "0",
                            "egress.482069346.ipv6_cidr_blocks.#": "0",
                            "egress.482069346.prefix_list_ids.#": "0",
                            "egress.482069346.protocol": "-1",
                            "egress.482069346.security_groups.#": "0",
                            "egress.482069346.self": "false",
                            "egress.482069346.to_port": "0",
                            "id": "sg-0647950d99cf7dd66",
                            "ingress.#": "2",
                            "ingress.2541437006.cidr_blocks.#": "1",
                            "ingress.2541437006.cidr_blocks.0": "0.0.0.0/0",
                            "ingress.2541437006.description": "",
                            "ingress.2541437006.from_port": "22",
                            "ingress.2541437006.ipv6_cidr_blocks.#": "0",
                            "ingress.2541437006.protocol": "tcp",
                            "ingress.2541437006.security_groups.#": "0",
                            "ingress.2541437006.self": "false",
                            "ingress.2541437006.to_port": "22",
                            "ingress.3068409405.cidr_blocks.#": "1",
                            "ingress.3068409405.cidr_blocks.0": "0.0.0.0/0",
                            "ingress.3068409405.description": "",
                            "ingress.3068409405.from_port": "8",
                            "ingress.3068409405.ipv6_cidr_blocks.#": "0",
                            "ingress.3068409405.protocol": "icmp",
                            "ingress.3068409405.security_groups.#": "0",
                            "ingress.3068409405.self": "false",
                            "ingress.3068409405.to_port": "0",
                            "name": "dev-bastion-host",
                            "owner_id": "317565499837",
                            "revoke_rules_on_delete": "false",
                            "tags.%": "2",
                            "tags.Environment": "dev",
                            "tags.Name": "dev-bastion-sg",
                            "vpc_id": "vpc-013dbf150f7b7b667"
                        },
                        "meta": {
                            "schema_version": "1"
                        },
                        "tainted": false
                    },
                    "deposed": [],
                    "provider": "provider.aws"
                }
            },
            "depends_on": []
        },
        {
            "path": [
                "root",
                "networking"
            ],
            "outputs": {
                "default_sg_id": {
                    "sensitive": false,
                    "type": "string",
                    "value": "sg-04246528f5bb8d274"
                },
                "private_subnet_id": {
                    "sensitive": false,
                    "type": "string",
                    "value": "subnet-0d1d5f7c60939318d"
                },
                "public_subnet_id": {
                    "sensitive": false,
                    "type": "string",
                    "value": "subnet-05433ae9369e78315"
                },
                "vpc_id": {
                    "sensitive": false,
                    "type": "string",
                    "value": "vpc-013dbf150f7b7b667"
                }
            },
            "resources": {
                "aws_eip.nat_eip": {
                    "type": "aws_eip",
                    "depends_on": [],
                    "primary": {
                        "id": "eipalloc-00c9483307ad93f70",
                        "attributes": {
                            "association_id": "eipassoc-4aba7cb6",
                            "domain": "vpc",
                            "id": "eipalloc-00c9483307ad93f70",
                            "instance": "",
                            "network_interface": "eni-3e246210",
                            "private_ip": "10.0.1.160",
                            "public_ip": "13.56.34.196",
                            "tags.%": "0",
                            "vpc": "true"
                        },
                        "meta": {},
                        "tainted": false
                    },
                    "deposed": [],
                    "provider": "provider.aws"
                },
                "aws_internet_gateway.igw": {
                    "type": "aws_internet_gateway",
                    "depends_on": [
                        "aws_vpc.vpc"
                    ],
                    "primary": {
                        "id": "igw-0dcf7de345c5fdf98",
                        "attributes": {
                            "id": "igw-0dcf7de345c5fdf98",
                            "tags.%": "2",
                            "tags.Environment": "dev",
                            "tags.Name": "dev-igw",
                            "vpc_id": "vpc-013dbf150f7b7b667"
                        },
                        "meta": {},
                        "tainted": false
                    },
                    "deposed": [],
                    "provider": "provider.aws"
                },
                "aws_nat_gateway.nat": {
                    "type": "aws_nat_gateway",
                    "depends_on": [
                        "aws_eip.nat_eip",
                        "aws_subnet.public_subnet"
                    ],
                    "primary": {
                        "id": "nat-09d469ef46698cf3e",
                        "attributes": {
                            "allocation_id": "eipalloc-00c9483307ad93f70",
                            "id": "nat-09d469ef46698cf3e",
                            "network_interface_id": "eni-3e246210",
                            "private_ip": "10.0.1.160",
                            "public_ip": "13.56.34.196",
                            "subnet_id": "subnet-05433ae9369e78315",
                            "tags.%": "0"
                        },
                        "meta": {},
                        "tainted": false
                    },
                    "deposed": [],
                    "provider": "provider.aws"
                },
                "aws_route.private_nat_gateway": {
                    "type": "aws_route",
                    "depends_on": [
                        "aws_nat_gateway.nat",
                        "aws_route_table.private"
                    ],
                    "primary": {
                        "id": "r-rtb-09d9994516b3c38441080289494",
                        "attributes": {
                            "destination_cidr_block": "0.0.0.0/0",
                            "destination_prefix_list_id": "",
                            "egress_only_gateway_id": "",
                            "gateway_id": "",
                            "id": "r-rtb-09d9994516b3c38441080289494",
                            "instance_id": "",
                            "instance_owner_id": "",
                            "nat_gateway_id": "nat-09d469ef46698cf3e",
                            "network_interface_id": "",
                            "origin": "CreateRoute",
                            "route_table_id": "rtb-09d9994516b3c3844",
                            "state": "active",
                            "vpc_peering_connection_id": ""
                        },
                        "meta": {},
                        "tainted": false
                    },
                    "deposed": [],
                    "provider": "provider.aws"
                },
                "aws_route.public_internet_gateway": {
                    "type": "aws_route",
                    "depends_on": [
                        "aws_internet_gateway.igw",
                        "aws_route_table.public"
                    ],
                    "primary": {
                        "id": "r-rtb-065cb522f48db7af71080289494",
                        "attributes": {
                            "destination_cidr_block": "0.0.0.0/0",
                            "destination_prefix_list_id": "",
                            "egress_only_gateway_id": "",
                            "gateway_id": "igw-0dcf7de345c5fdf98",
                            "id": "r-rtb-065cb522f48db7af71080289494",
                            "instance_id": "",
                            "instance_owner_id": "",
                            "nat_gateway_id": "",
                            "network_interface_id": "",
                            "origin": "CreateRoute",
                            "route_table_id": "rtb-065cb522f48db7af7",
                            "state": "active",
                            "vpc_peering_connection_id": ""
                        },
                        "meta": {},
                        "tainted": false
                    },
                    "deposed": [],
                    "provider": "provider.aws"
                },
                "aws_route_table.private": {
                    "type": "aws_route_table",
                    "depends_on": [
                        "aws_vpc.vpc"
                    ],
                    "primary": {
                        "id": "rtb-09d9994516b3c3844",
                        "attributes": {
                            "id": "rtb-09d9994516b3c3844",
                            "propagating_vgws.#": "0",
                            "route.#": "1",
                            "route.2523810347.cidr_block": "0.0.0.0/0",
                            "route.2523810347.egress_only_gateway_id": "",
                            "route.2523810347.gateway_id": "",
                            "route.2523810347.instance_id": "",
                            "route.2523810347.ipv6_cidr_block": "",
                            "route.2523810347.nat_gateway_id": "nat-09d469ef46698cf3e",
                            "route.2523810347.network_interface_id": "",
                            "route.2523810347.vpc_peering_connection_id": "",
                            "tags.%": "2",
                            "tags.Environment": "dev",
                            "tags.Name": "dev-private-route-table",
                            "vpc_id": "vpc-013dbf150f7b7b667"
                        },
                        "meta": {},
                        "tainted": false
                    },
                    "deposed": [],
                    "provider": "provider.aws"
                },
                "aws_route_table.public": {
                    "type": "aws_route_table",
                    "depends_on": [
                        "aws_vpc.vpc"
                    ],
                    "primary": {
                        "id": "rtb-065cb522f48db7af7",
                        "attributes": {
                            "id": "rtb-065cb522f48db7af7",
                            "propagating_vgws.#": "0",
                            "route.#": "1",
                            "route.3205624753.cidr_block": "0.0.0.0/0",
                            "route.3205624753.egress_only_gateway_id": "",
                            "route.3205624753.gateway_id": "igw-0dcf7de345c5fdf98",
                            "route.3205624753.instance_id": "",
                            "route.3205624753.ipv6_cidr_block": "",
                            "route.3205624753.nat_gateway_id": "",
                            "route.3205624753.network_interface_id": "",
                            "route.3205624753.vpc_peering_connection_id": "",
                            "tags.%": "2",
                            "tags.Environment": "dev",
                            "tags.Name": "dev-public-route-table",
                            "vpc_id": "vpc-013dbf150f7b7b667"
                        },
                        "meta": {},
                        "tainted": false
                    },
                    "deposed": [],
                    "provider": "provider.aws"
                },
                "aws_route_table_association.private": {
                    "type": "aws_route_table_association",
                    "depends_on": [
                        "aws_route_table.private",
                        "aws_subnet.private_subnet_web"
                    ],
                    "primary": {
                        "id": "rtbassoc-05729d86833e7043e",
                        "attributes": {
                            "id": "rtbassoc-05729d86833e7043e",
                            "route_table_id": "rtb-09d9994516b3c3844",
                            "subnet_id": "subnet-0d1d5f7c60939318d"
                        },
                        "meta": {},
                        "tainted": false
                    },
                    "deposed": [],
                    "provider": "provider.aws"
                },
                "aws_route_table_association.public": {
                    "type": "aws_route_table_association",
                    "depends_on": [
                        "aws_route_table.public",
                        "aws_subnet.public_subnet"
                    ],
                    "primary": {
                        "id": "rtbassoc-0f2f809ba1c45b8ff",
                        "attributes": {
                            "id": "rtbassoc-0f2f809ba1c45b8ff",
                            "route_table_id": "rtb-065cb522f48db7af7",
                            "subnet_id": "subnet-05433ae9369e78315"
                        },
                        "meta": {},
                        "tainted": false
                    },
                    "deposed": [],
                    "provider": "provider.aws"
                },
                "aws_security_group.default": {
                    "type": "aws_security_group",
                    "depends_on": [
                        "aws_vpc.vpc"
                    ],
                    "primary": {
                        "id": "sg-04246528f5bb8d274",
                        "attributes": {
                            "description": "Default security group to allow inbound/outbound from the VPC",
                            "egress.#": "1",
                            "egress.753360330.cidr_blocks.#": "0",
                            "egress.753360330.description": "",
                            "egress.753360330.from_port": "0",
                            "egress.753360330.ipv6_cidr_blocks.#": "0",
                            "egress.753360330.prefix_list_ids.#": "0",
                            "egress.753360330.protocol": "-1",
                            "egress.753360330.security_groups.#": "0",
                            "egress.753360330.self": "true",
                            "egress.753360330.to_port": "0",
                            "id": "sg-04246528f5bb8d274",
                            "ingress.#": "1",
                            "ingress.753360330.cidr_blocks.#": "0",
                            "ingress.753360330.description": "",
                            "ingress.753360330.from_port": "0",
                            "ingress.753360330.ipv6_cidr_blocks.#": "0",
                            "ingress.753360330.protocol": "-1",
                            "ingress.753360330.security_groups.#": "0",
                            "ingress.753360330.self": "true",
                            "ingress.753360330.to_port": "0",
                            "name": "dev-default-sg",
                            "owner_id": "317565499837",
                            "revoke_rules_on_delete": "false",
                            "tags.%": "1",
                            "tags.Environment": "dev",
                            "vpc_id": "vpc-013dbf150f7b7b667"
                        },
                        "meta": {
                            "schema_version": "1"
                        },
                        "tainted": false
                    },
                    "deposed": [],
                    "provider": "provider.aws"
                },
                "aws_subnet.private_subnet_web": {
                    "type": "aws_subnet",
                    "depends_on": [
                        "aws_vpc.vpc"
                    ],
                    "primary": {
                        "id": "subnet-0d1d5f7c60939318d",
                        "attributes": {
                            "assign_ipv6_address_on_creation": "false",
                            "availability_zone": "us-west-1a",
                            "cidr_block": "10.0.2.0/24",
                            "id": "subnet-0d1d5f7c60939318d",
                            "map_public_ip_on_launch": "false",
                            "tags.%": "2",
                            "tags.Environment": "dev",
                            "tags.Name": "dev-private-subnet",
                            "vpc_id": "vpc-013dbf150f7b7b667"
                        },
                        "meta": {
                            "schema_version": "1"
                        },
                        "tainted": false
                    },
                    "deposed": [],
                    "provider": "provider.aws"
                },
                "aws_subnet.public_subnet": {
                    "type": "aws_subnet",
                    "depends_on": [
                        "aws_vpc.vpc"
                    ],
                    "primary": {
                        "id": "subnet-05433ae9369e78315",
                        "attributes": {
                            "assign_ipv6_address_on_creation": "false",
                            "availability_zone": "us-west-1a",
                            "cidr_block": "10.0.1.0/24",
                            "id": "subnet-05433ae9369e78315",
                            "map_public_ip_on_launch": "true",
                            "tags.%": "2",
                            "tags.Environment": "dev",
                            "tags.Name": "dev-public-subnet",
                            "vpc_id": "vpc-013dbf150f7b7b667"
                        },
                        "meta": {
                            "schema_version": "1"
                        },
                        "tainted": false
                    },
                    "deposed": [],
                    "provider": "provider.aws"
                },
                "aws_vpc.vpc": {
                    "type": "aws_vpc",
                    "depends_on": [],
                    "primary": {
                        "id": "vpc-013dbf150f7b7b667",
                        "attributes": {
                            "assign_generated_ipv6_cidr_block": "false",
                            "cidr_block": "10.0.0.0/16",
                            "default_network_acl_id": "acl-0d6b2fa4fb3f367f7",
                            "default_route_table_id": "rtb-012d4c8e1b08de2cb",
                            "default_security_group_id": "sg-0b7e6e204f6898175",
                            "dhcp_options_id": "dopt-57be5e30",
                            "enable_classiclink": "false",
                            "enable_classiclink_dns_support": "false",
                            "enable_dns_hostnames": "true",
                            "enable_dns_support": "true",
                            "id": "vpc-013dbf150f7b7b667",
                            "instance_tenancy": "default",
                            "main_route_table_id": "rtb-012d4c8e1b08de2cb",
                            "tags.%": "2",
                            "tags.Environment": "dev",
                            "tags.Name": "dev-vpc"
                        },
                        "meta": {
                            "schema_version": "1"
                        },
                        "tainted": false
                    },
                    "deposed": [],
                    "provider": "provider.aws"
                }
            },
            "depends_on": []
        },
        {
            "path": [
                "root",
                "openvpn"
            ],
            "outputs": {
                "aws_vpn_instance_public_dns": {
                    "sensitive": false,
                    "type": "string",
                    "value": "ec2-13-57-187-103.us-west-1.compute.amazonaws.com"
                },
                "aws_vpn_instance_public_ip": {
                    "sensitive": false,
                    "type": "string",
                    "value": "13.57.187.103"
                },
                "client_configuration_file": {
                    "sensitive": false,
                    "type": "string",
                    "value": "docker.ovpn"
                },
                "closing_message": {
                    "sensitive": false,
                    "type": "string",
                    "value": "Your VPN is ready! Check out client configuration file to configure your client! Have fun!'"
                }
            },
            "resources": {
                "aws_instance.vpn": {
                    "type": "aws_instance",
                    "depends_on": [
                        "aws_security_group.openvpn_sg"
                    ],
                    "primary": {
                        "id": "i-011517a79434cd5a9",
                        "attributes": {
                            "ami": "ami-16efb076",
                            "associate_public_ip_address": "true",
                            "availability_zone": "us-west-1a",
                            "disable_api_termination": "false",
                            "ebs_block_device.#": "0",
                            "ebs_optimized": "false",
                            "ephemeral_block_device.#": "0",
                            "iam_instance_profile": "",
                            "id": "i-011517a79434cd5a9",
                            "instance_state": "running",
                            "instance_type": "t2.micro",
                            "ipv6_addresses.#": "0",
                            "key_name": "dev",
                            "monitoring": "true",
                            "network_interface.#": "0",
                            "network_interface_id": "eni-0a01683be54fef368",
                            "placement_group": "",
                            "primary_network_interface_id": "eni-0a01683be54fef368",
                            "private_dns": "ip-10-0-1-176.us-west-1.compute.internal",
                            "private_ip": "10.0.1.176",
                            "public_dns": "ec2-13-57-187-103.us-west-1.compute.amazonaws.com",
                            "public_ip": "13.57.187.103",
                            "root_block_device.#": "1",
                            "root_block_device.0.delete_on_termination": "true",
                            "root_block_device.0.iops": "100",
                            "root_block_device.0.volume_id": "vol-02866694c9972f798",
                            "root_block_device.0.volume_size": "8",
                            "root_block_device.0.volume_type": "gp2",
                            "security_groups.#": "0",
                            "source_dest_check": "true",
                            "subnet_id": "subnet-05433ae9369e78315",
                            "tags.%": "2",
                            "tags.Environment": "dev",
                            "tags.Name": "dev-openvpn",
                            "tenancy": "default",
                            "user_data": "44e262b3089aa1e2ec375bbbb2b709937cc5395b",
                            "volume_tags.%": "0",
                            "vpc_security_group_ids.#": "1",
                            "vpc_security_group_ids.3177648664": "sg-04a4ad1741c244027"
                        },
                        "meta": {
                            "e2bfb730-ecaa-11e6-8f88-34363bc7c4c0": {
                                "create": 600000000000,
                                "delete": 1200000000000,
                                "update": 600000000000
                            },
                            "schema_version": "1"
                        },
                        "tainted": true
                    },
                    "deposed": [],
                    "provider": "provider.aws"
                },
                "aws_security_group.openvpn_sg": {
                    "type": "aws_security_group",
                    "depends_on": [],
                    "primary": {
                        "id": "sg-04a4ad1741c244027",
                        "attributes": {
                            "description": "Managed by Terraform",
                            "egress.#": "1",
                            "egress.482069346.cidr_blocks.#": "1",
                            "egress.482069346.cidr_blocks.0": "0.0.0.0/0",
                            "egress.482069346.description": "",
                            "egress.482069346.from_port": "0",
                            "egress.482069346.ipv6_cidr_blocks.#": "0",
                            "egress.482069346.prefix_list_ids.#": "0",
                            "egress.482069346.protocol": "-1",
                            "egress.482069346.security_groups.#": "0",
                            "egress.482069346.self": "false",
                            "egress.482069346.to_port": "0",
                            "id": "sg-04a4ad1741c244027",
                            "ingress.#": "4",
                            "ingress.2541437006.cidr_blocks.#": "1",
                            "ingress.2541437006.cidr_blocks.0": "0.0.0.0/0",
                            "ingress.2541437006.description": "",
                            "ingress.2541437006.from_port": "22",
                            "ingress.2541437006.ipv6_cidr_blocks.#": "0",
                            "ingress.2541437006.protocol": "tcp",
                            "ingress.2541437006.security_groups.#": "0",
                            "ingress.2541437006.self": "false",
                            "ingress.2541437006.to_port": "22",
                            "ingress.2617001939.cidr_blocks.#": "1",
                            "ingress.2617001939.cidr_blocks.0": "0.0.0.0/0",
                            "ingress.2617001939.description": "",
                            "ingress.2617001939.from_port": "443",
                            "ingress.2617001939.ipv6_cidr_blocks.#": "0",
                            "ingress.2617001939.protocol": "tcp",
                            "ingress.2617001939.security_groups.#": "0",
                            "ingress.2617001939.self": "false",
                            "ingress.2617001939.to_port": "443",
                            "ingress.3068409405.cidr_blocks.#": "1",
                            "ingress.3068409405.cidr_blocks.0": "0.0.0.0/0",
                            "ingress.3068409405.description": "",
                            "ingress.3068409405.from_port": "8",
                            "ingress.3068409405.ipv6_cidr_blocks.#": "0",
                            "ingress.3068409405.protocol": "icmp",
                            "ingress.3068409405.security_groups.#": "0",
                            "ingress.3068409405.self": "false",
                            "ingress.3068409405.to_port": "0",
                            "ingress.4178520169.cidr_blocks.#": "1",
                            "ingress.4178520169.cidr_blocks.0": "0.0.0.0/0",
                            "ingress.4178520169.description": "",
                            "ingress.4178520169.from_port": "1194",
                            "ingress.4178520169.ipv6_cidr_blocks.#": "0",
                            "ingress.4178520169.protocol": "udp",
                            "ingress.4178520169.security_groups.#": "0",
                            "ingress.4178520169.self": "false",
                            "ingress.4178520169.to_port": "1194",
                            "name": "dev-openvpn-host",
                            "owner_id": "317565499837",
                            "revoke_rules_on_delete": "false",
                            "tags.%": "2",
                            "tags.Environment": "dev",
                            "tags.Name": "dev-openvpn-sg",
                            "vpc_id": "vpc-013dbf150f7b7b667"
                        },
                        "meta": {
                            "schema_version": "1"
                        },
                        "tainted": false
                    },
                    "deposed": [],
                    "provider": "provider.aws"
                }
            },
            "depends_on": []
        },
        {
            "path": [
                "root",
                "web"
            ],
            "outputs": {
                "elb.hostname": {
                    "sensitive": false,
                    "type": "string",
                    "value": "dev-web-lb-163033253.us-west-1.elb.amazonaws.com"
                },
                "web_private_ip": {
                    "sensitive": false,
                    "type": "list",
                    "value": [
                        "10.0.2.64",
                        "10.0.2.248"
                    ]
                }
            },
            "resources": {
                "aws_elb.web": {
                    "type": "aws_elb",
                    "depends_on": [
                        "aws_instance.web.*",
                        "aws_security_group.web_inbound_sg"
                    ],
                    "primary": {
                        "id": "dev-web-lb",
                        "attributes": {
                            "access_logs.#": "0",
                            "arn": "arn:aws:elasticloadbalancing:us-west-1:317565499837:loadbalancer/dev-web-lb",
                            "availability_zones.#": "1",
                            "availability_zones.3205754986": "us-west-1a",
                            "connection_draining": "false",
                            "connection_draining_timeout": "300",
                            "cross_zone_load_balancing": "true",
                            "dns_name": "dev-web-lb-163033253.us-west-1.elb.amazonaws.com",
                            "health_check.#": "1",
                            "health_check.0.healthy_threshold": "10",
                            "health_check.0.interval": "30",
                            "health_check.0.target": "TCP:80",
                            "health_check.0.timeout": "5",
                            "health_check.0.unhealthy_threshold": "2",
                            "id": "dev-web-lb",
                            "idle_timeout": "60",
                            "instances.#": "2",
                            "instances.1733279177": "i-0140e1d8783ac08c0",
                            "instances.21696556": "i-06ef795583f531434",
                            "internal": "false",
                            "listener.#": "1",
                            "listener.3057123346.instance_port": "80",
                            "listener.3057123346.instance_protocol": "http",
                            "listener.3057123346.lb_port": "80",
                            "listener.3057123346.lb_protocol": "http",
                            "listener.3057123346.ssl_certificate_id": "",
                            "name": "dev-web-lb",
                            "security_groups.#": "1",
                            "security_groups.2385116024": "sg-0c287272a0f623a2e",
                            "source_security_group": "317565499837/dev-web-inbound-sg",
                            "source_security_group_id": "sg-0c287272a0f623a2e",
                            "subnets.#": "1",
                            "subnets.403797997": "subnet-05433ae9369e78315",
                            "tags.%": "1",
                            "tags.Environment": "dev",
                            "zone_id": "Z368ELLRRE2KJ0"
                        },
                        "meta": {},
                        "tainted": false
                    },
                    "deposed": [],
                    "provider": "provider.aws"
                },
                "aws_instance.web.0": {
                    "type": "aws_instance",
                    "depends_on": [
                        "aws_security_group.web_server_sg"
                    ],
                    "primary": {
                        "id": "i-0140e1d8783ac08c0",
                        "attributes": {
                            "ami": "ami-16efb076",
                            "associate_public_ip_address": "false",
                            "availability_zone": "us-west-1a",
                            "disable_api_termination": "false",
                            "ebs_block_device.#": "0",
                            "ebs_optimized": "false",
                            "ephemeral_block_device.#": "0",
                            "iam_instance_profile": "",
                            "id": "i-0140e1d8783ac08c0",
                            "instance_state": "running",
                            "instance_type": "t2.micro",
                            "ipv6_addresses.#": "0",
                            "key_name": "dev",
                            "monitoring": "false",
                            "network_interface.#": "0",
                            "network_interface_id": "eni-00872a5f0e7c71a86",
                            "placement_group": "",
                            "primary_network_interface_id": "eni-00872a5f0e7c71a86",
                            "private_dns": "ip-10-0-2-64.us-west-1.compute.internal",
                            "private_ip": "10.0.2.64",
                            "public_dns": "",
                            "public_ip": "",
                            "root_block_device.#": "1",
                            "root_block_device.0.delete_on_termination": "true",
                            "root_block_device.0.iops": "100",
                            "root_block_device.0.volume_id": "vol-06a416c2c2afca2f6",
                            "root_block_device.0.volume_size": "8",
                            "root_block_device.0.volume_type": "gp2",
                            "security_groups.#": "0",
                            "source_dest_check": "true",
                            "subnet_id": "subnet-0d1d5f7c60939318d",
                            "tags.%": "2",
                            "tags.Environment": "dev",
                            "tags.Name": "dev-webserver-1",
                            "tenancy": "default",
                            "user_data": "b8531e3beb8b8d38b90f281982fed42d62c8c47d",
                            "volume_tags.%": "0",
                            "vpc_security_group_ids.#": "1",
                            "vpc_security_group_ids.843875446": "sg-0498bd9147edff249"
                        },
                        "meta": {
                            "e2bfb730-ecaa-11e6-8f88-34363bc7c4c0": {
                                "create": 600000000000,
                                "delete": 1200000000000,
                                "update": 600000000000
                            },
                            "schema_version": "1"
                        },
                        "tainted": false
                    },
                    "deposed": [],
                    "provider": "provider.aws"
                },
                "aws_instance.web.1": {
                    "type": "aws_instance",
                    "depends_on": [
                        "aws_security_group.web_server_sg"
                    ],
                    "primary": {
                        "id": "i-06ef795583f531434",
                        "attributes": {
                            "ami": "ami-16efb076",
                            "associate_public_ip_address": "false",
                            "availability_zone": "us-west-1a",
                            "disable_api_termination": "false",
                            "ebs_block_device.#": "0",
                            "ebs_optimized": "false",
                            "ephemeral_block_device.#": "0",
                            "iam_instance_profile": "",
                            "id": "i-06ef795583f531434",
                            "instance_state": "running",
                            "instance_type": "t2.micro",
                            "ipv6_addresses.#": "0",
                            "key_name": "dev",
                            "monitoring": "false",
                            "network_interface.#": "0",
                            "network_interface_id": "eni-0d1df094c412e77d3",
                            "placement_group": "",
                            "primary_network_interface_id": "eni-0d1df094c412e77d3",
                            "private_dns": "ip-10-0-2-248.us-west-1.compute.internal",
                            "private_ip": "10.0.2.248",
                            "public_dns": "",
                            "public_ip": "",
                            "root_block_device.#": "1",
                            "root_block_device.0.delete_on_termination": "true",
                            "root_block_device.0.iops": "100",
                            "root_block_device.0.volume_id": "vol-09440c686273cf58a",
                            "root_block_device.0.volume_size": "8",
                            "root_block_device.0.volume_type": "gp2",
                            "security_groups.#": "0",
                            "source_dest_check": "true",
                            "subnet_id": "subnet-0d1d5f7c60939318d",
                            "tags.%": "2",
                            "tags.Environment": "dev",
                            "tags.Name": "dev-webserver-2",
                            "tenancy": "default",
                            "user_data": "b8531e3beb8b8d38b90f281982fed42d62c8c47d",
                            "volume_tags.%": "0",
                            "vpc_security_group_ids.#": "1",
                            "vpc_security_group_ids.843875446": "sg-0498bd9147edff249"
                        },
                        "meta": {
                            "e2bfb730-ecaa-11e6-8f88-34363bc7c4c0": {
                                "create": 600000000000,
                                "delete": 1200000000000,
                                "update": 600000000000
                            },
                            "schema_version": "1"
                        },
                        "tainted": false
                    },
                    "deposed": [],
                    "provider": "provider.aws"
                },
                "aws_security_group.web_inbound_sg": {
                    "type": "aws_security_group",
                    "depends_on": [],
                    "primary": {
                        "id": "sg-0c287272a0f623a2e",
                        "attributes": {
                            "description": "Allow HTTP from Anywhere",
                            "egress.#": "1",
                            "egress.482069346.cidr_blocks.#": "1",
                            "egress.482069346.cidr_blocks.0": "0.0.0.0/0",
                            "egress.482069346.description": "",
                            "egress.482069346.from_port": "0",
                            "egress.482069346.ipv6_cidr_blocks.#": "0",
                            "egress.482069346.prefix_list_ids.#": "0",
                            "egress.482069346.protocol": "-1",
                            "egress.482069346.security_groups.#": "0",
                            "egress.482069346.self": "false",
                            "egress.482069346.to_port": "0",
                            "id": "sg-0c287272a0f623a2e",
                            "ingress.#": "2",
                            "ingress.2214680975.cidr_blocks.#": "1",
                            "ingress.2214680975.cidr_blocks.0": "0.0.0.0/0",
                            "ingress.2214680975.description": "",
                            "ingress.2214680975.from_port": "80",
                            "ingress.2214680975.ipv6_cidr_blocks.#": "0",
                            "ingress.2214680975.protocol": "tcp",
                            "ingress.2214680975.security_groups.#": "0",
                            "ingress.2214680975.self": "false",
                            "ingress.2214680975.to_port": "80",
                            "ingress.3068409405.cidr_blocks.#": "1",
                            "ingress.3068409405.cidr_blocks.0": "0.0.0.0/0",
                            "ingress.3068409405.description": "",
                            "ingress.3068409405.from_port": "8",
                            "ingress.3068409405.ipv6_cidr_blocks.#": "0",
                            "ingress.3068409405.protocol": "icmp",
                            "ingress.3068409405.security_groups.#": "0",
                            "ingress.3068409405.self": "false",
                            "ingress.3068409405.to_port": "0",
                            "name": "dev-web-inbound-sg",
                            "owner_id": "317565499837",
                            "revoke_rules_on_delete": "false",
                            "tags.%": "1",
                            "tags.Name": "dev-web-inbound-sg",
                            "vpc_id": "vpc-013dbf150f7b7b667"
                        },
                        "meta": {
                            "schema_version": "1"
                        },
                        "tainted": false
                    },
                    "deposed": [],
                    "provider": "provider.aws"
                },
                "aws_security_group.web_server_sg": {
                    "type": "aws_security_group",
                    "depends_on": [],
                    "primary": {
                        "id": "sg-0498bd9147edff249",
                        "attributes": {
                            "description": "Security group for web that allows web traffic from internet",
                            "egress.#": "1",
                            "egress.482069346.cidr_blocks.#": "1",
                            "egress.482069346.cidr_blocks.0": "0.0.0.0/0",
                            "egress.482069346.description": "",
                            "egress.482069346.from_port": "0",
                            "egress.482069346.ipv6_cidr_blocks.#": "0",
                            "egress.482069346.prefix_list_ids.#": "0",
                            "egress.482069346.protocol": "-1",
                            "egress.482069346.security_groups.#": "0",
                            "egress.482069346.self": "false",
                            "egress.482069346.to_port": "0",
                            "id": "sg-0498bd9147edff249",
                            "ingress.#": "3",
                            "ingress.2165049311.cidr_blocks.#": "1",
                            "ingress.2165049311.cidr_blocks.0": "10.0.0.0/16",
                            "ingress.2165049311.description": "",
                            "ingress.2165049311.from_port": "80",
                            "ingress.2165049311.ipv6_cidr_blocks.#": "0",
                            "ingress.2165049311.protocol": "tcp",
                            "ingress.2165049311.security_groups.#": "0",
                            "ingress.2165049311.self": "false",
                            "ingress.2165049311.to_port": "80",
                            "ingress.3068409405.cidr_blocks.#": "1",
                            "ingress.3068409405.cidr_blocks.0": "0.0.0.0/0",
                            "ingress.3068409405.description": "",
                            "ingress.3068409405.from_port": "8",
                            "ingress.3068409405.ipv6_cidr_blocks.#": "0",
                            "ingress.3068409405.protocol": "icmp",
                            "ingress.3068409405.security_groups.#": "0",
                            "ingress.3068409405.self": "false",
                            "ingress.3068409405.to_port": "0",
                            "ingress.931551850.cidr_blocks.#": "1",
                            "ingress.931551850.cidr_blocks.0": "10.0.0.0/16",
                            "ingress.931551850.description": "",
                            "ingress.931551850.from_port": "22",
                            "ingress.931551850.ipv6_cidr_blocks.#": "0",
                            "ingress.931551850.protocol": "tcp",
                            "ingress.931551850.security_groups.#": "0",
                            "ingress.931551850.self": "false",
                            "ingress.931551850.to_port": "22",
                            "name": "dev-web-server-sg",
                            "owner_id": "317565499837",
                            "revoke_rules_on_delete": "false",
                            "tags.%": "2",
                            "tags.Environment": "dev",
                            "tags.Name": "dev-web-server-sg",
                            "vpc_id": "vpc-013dbf150f7b7b667"
                        },
                        "meta": {
                            "schema_version": "1"
                        },
                        "tainted": false
                    },
                    "deposed": [],
                    "provider": "provider.aws"
                }
            },
            "depends_on": []
        }
    ]
}
